
Microsoft Visual Studio Solution File, Format Version 12.00
# Visual Studio 14
VisualStudioVersion = 14.0.24720.0
MinimumVisualStudioVersion = 10.0.40219.1
Project("{FAE04EC0-301F-11D3-BF4B-00C04F79EFBC}") = "Trick-Or-Boom", "Trick-Or-Boom\Trick-Or-Boom.csproj", "{08CFE7A6-8024-43B7-9AEB-EC3661A2E918}"
EndProject
Project("{FAE04EC0-301F-11D3-BF4B-00C04F79EFBC}") = "Trick-Or-Boom.Tests", "Trick-Or-Boom.Tests\Trick-Or-Boom.Tests.csproj", "{15D28708-2ACA-4770-A3FD-CD8C3481BEC1}"
EndProject
Global
	GlobalSection(SolutionConfigurationPlatforms) = preSolution
		Debug|Any CPU = Debug|Any CPU
		Release|Any CPU = Release|Any CPU
	EndGlobalSection
	GlobalSection(ProjectConfigurationPlatforms) = postSolution
		{08CFE7A6-8024-43B7-9AEB-EC3661A2E918}.Debug|Any CPU.ActiveCfg = Debug|Any CPU
		{08CFE7A6-8024-43B7-9AEB-EC3661A2E918}.Debug|Any CPU.Build.0 = Debug|Any CPU
		{08CFE7A6-8024-43B7-9AEB-EC3661A2E918}.Release|Any CPU.ActiveCfg = Release|Any CPU
		{08CFE7A6-8024-43B7-9AEB-EC3661A2E918}.Release|Any CPU.Build.0 = Release|Any CPU
		{15D28708-2ACA-4770-A3FD-CD8C3481BEC1}.Debug|Any CPU.ActiveCfg = Debug|Any CPU
		{15D28708-2ACA-4770-A3FD-CD8C3481BEC1}.Debug|Any CPU.Build.0 = Debug|Any CPU
		{15D28708-2ACA-4770-A3FD-CD8C3481BEC1}.Release|Any CPU.ActiveCfg = Release|Any CPU
		{15D28708-2ACA-4770-A3FD-CD8C3481BEC1}.Release|Any CPU.Build.0 = Release|Any CPU
	EndGlobalSection
	GlobalSection(SolutionProperties) = preSolution
		HideSolutionNode = FALSE
	EndGlobalSection
EndGlobal
